{
  "name": "WarBase ",
  "lockfileVersion": 3,
  "requires": true,
  "packages": {
    "": {
      "dependencies": {
        "@babylonjs/serializers": "^9.17.0"
      }
    },
    "node_modules/@babylonjs/core": {
      "version": "9.17.0",
      "resolved": "https://registry.npmjs.org/@babylonjs/core/-/core-9.17.0.tgz",
      "integrity": "sha512-+yXYuQC6l9FbVeGWtYd4mcY3IJsfDc/R5Re6YtVT1t3ox3WgfaOVYMTjlUcqrG35wp6FbIANqVcos5EPt/IF8A==",
      "license": "Apache-2.0",
      "peer": true
    },
    "node_modules/@babylonjs/serializers": {
      "version": "9.17.0",
      "resolved": "https://registry.npmjs.org/@babylonjs/serializers/-/serializers-9.17.0.tgz",
      "integrity": "sha512-oQvTWMGfIqu+0Jb+filOoAEUXp3uuGMIm9Yyj6IsJ94NaaSJGE3TdGh4Nz9zi2UX4LAmjgWEyfzyq3xy7Ubo9g==",
      "license": "Apache-2.0",
      "peerDependencies": {
        "@babylonjs/core": "^9.0.0",
        "babylonjs-gltf2interface": "^9.0.0"
      }
    },
    "node_modules/babylonjs-gltf2interface": {
      "version": "9.17.0",
      "resolved": "https://registry.npmjs.org/babylonjs-gltf2interface/-/babylonjs-gltf2interface-9.17.0.tgz",
      "integrity": "sha512-nqiTh0w/9MODhsa4K4YWGRSXsGgUyPLevcexn4gYEsCxMSYQm48wm9NhXaw+DtvSQTtmh8JL0nqqFYNTyinACw==",
      "license": "Apache-2.0",
      "peer": true
    }
  }
}
